<?xml version="1.0" encoding="utf-8"?>
<Project ToolsVersion="4.0" xmlns="http://schemas.microsoft.com/developer/msbuild/2003">
  <ItemGroup>
    <Filter Include="Source Files">
      <UniqueIdentifier>{4FC737F1-C7A5-4376-A066-2A32D752A2FF}</UniqueIdentifier>
      <Extensions>cpp;c;cc;cxx;def;odl;idl;hpj;bat;asm;asmx</Extensions>
    </Filter>
    <Filter Include="Header Files">
      <UniqueIdentifier>{93995380-89BD-4b04-88EB-625FBE52EBFB}</UniqueIdentifier>
      <Extensions>h;hh;hpp;hxx;hm;inl;inc;xsd</Extensions>
    </Filter>
    <Filter Include="Resource Files">
      <UniqueIdentifier>{67DA6AB6-F800-4c08-8B7A-83BB121AAD01}</UniqueIdentifier>
      <Extensions>rc;ico;cur;bmp;dlg;rc2;rct;bin;rgs;gif;jpg;jpeg;jpe;resx;tiff;tif;png;wav</Extensions>
    </Filter>
  </ItemGroup>
  <ItemGroup>
    <ClCompile Include="ark ascended tools\AntiAFK.cpp">
      <Filter>Source Files</Filter>
    </ClCompile>
    <ClCompile Include="ark ascended tools\Ark Ascended Tools.cpp">
      <Filter>Source Files</Filter>
    </ClCompile>
    <ClCompile Include="ark ascended tools\AutoDropper.cpp">
      <Filter>Source Files</Filter>
    </ClCompile>
    <ClCompile Include="ark ascended tools\AutoFarmer.cpp">
      <Filter>Source Files</Filter>
    </ClCompile>
    <ClCompile Include="ark ascended tools\AutoFish.cpp">
      <Filter>Source Files</Filter>
    </ClCompile>
    <ClCompile Include="ark ascended tools\AutoGrabber.cpp">
      <Filter>Source Files</Filter>
    </ClCompile>
    <ClCompile Include="ark ascended tools\AutoJoiner.cpp">
      <Filter>Source Files</Filter>
    </ClCompile>
    <ClCompile Include="ark ascended tools\AutoWalk.cpp">
      <Filter>Source Files</Filter>
    </ClCompile>
    <ClCompile Include="ark ascended tools\BackupJoiner.cpp">
      <Filter>Source Files</Filter>
    </ClCompile>
    <ClCompile Include="ark ascended tools\Changelog.cpp">
      <Filter>Source Files</Filter>
    </ClCompile>
    <ClCompile Include="ark ascended tools\ClubARK.cpp">
      <Filter>Source Files</Filter>
    </ClCompile>
    <ClCompile Include="ark ascended tools\Coordinates.cpp">
      <Filter>Source Files</Filter>
    </ClCompile>
    <ClCompile Include="ark ascended tools\MagicINI.cpp">
      <Filter>Source Files</Filter>
    </ClCompile>
    <ClCompile Include="ark ascended tools\MassBabyFeed.cpp">
      <Filter>Source Files</Filter>
    </ClCompile>
    <ClCompile Include="ark ascended tools\pch.cpp">
      <Filter>Source Files</Filter>
    </ClCompile>
    <ClCompile Include="ark ascended tools\SoloNanny.cpp">
      <Filter>Source Files</Filter>
    </ClCompile>
    <ClCompile Include="ark ascended tools\Timer.cpp">
      <Filter>Source Files</Filter>
    </ClCompile>
    <ClCompile Include="ark ascended tools\Troubleshoot.cpp">
      <Filter>Source Files</Filter>
    </ClCompile>
    <ClCompile Include="ark ascended tools\Update.cpp">
      <Filter>Source Files</Filter>
    </ClCompile>
    <ClCompile Include="ark ascended tools\UserGuide.cpp">
      <Filter>Source Files</Filter>
    </ClCompile>
  </ItemGroup>
  <ItemGroup>
    <ClInclude Include="ark ascended tools\Coordinates.h">
      <Filter>Header Files</Filter>
    </ClInclude>
    <ClInclude Include="ark ascended tools\Features.h">
      <Filter>Header Files</Filter>
    </ClInclude>
    <ClInclude Include="ark ascended tools\framework.h">
      <Filter>Header Files</Filter>
    </ClInclude>
    <ClInclude Include="ark ascended tools\pch.h">
      <Filter>Header Files</Filter>
    </ClInclude>
    <ClInclude Include="ark ascended tools\resource.h">
      <Filter>Header Files</Filter>
    </ClInclude>
    <ClInclude Include="ark ascended tools\targetver.h">
      <Filter>Header Files</Filter>
    </ClInclude>
  </ItemGroup>
  <ItemGroup>
    <ResourceCompile Include="ark ascended tools\Ark Ascended Tools.rc">
      <Filter>Resource Files</Filter>
    </ResourceCompile>
  </ItemGroup>
</Project>